// !$*UTF8*$!
{
	archiveVersion = 1;
	classes = {
	};
	objectVersion = 56;
	objects = {

/* Begin PBXBuildFile section */
		59A0D64C2907AC0F004C6AED /* AppDelegate.swift in Sources */ = {isa = PBXBuildFile; fileRef = 59A0D64B2907AC0F004C6AED /* AppDelegate.swift */; };
		59A0D6502907AC0F004C6AED /* ViewController.swift in Sources */ = {isa = PBXBuildFile; fileRef = 59A0D64F2907AC0F004C6AED /* ViewController.swift */; };
		59A0D6552907AC0F004C6AED /* Assets.xcassets in Resources */ = {isa = PBXBuildFile; fileRef = 59A0D6542907AC0F004C6AED /* Assets.xcassets */; };
		59A0D6582907AC0F004C6AED /* LaunchScreen.storyboard in Resources */ = {isa = PBXBuildFile; fileRef = 59A0D6562907AC0F004C6AED /* LaunchScreen.storyboard */; };
		59A0D6602907AD02004C6AED /* InputContainer.swift in Sources */ = {isa = PBXBuildFile; fileRef = 59A0D65F2907AD02004C6AED /* InputContainer.swift */; };
		59A0D6622907BF2D004C6AED /* FullInputContainer.swift in Sources */ = {isa = PBXBuildFile; fileRef = 59A0D6612907BF2D004C6AED /* FullInputContainer.swift */; };
		59A0D6662908539F004C6AED /* KidInputSection.swift in Sources */ = {isa = PBXBuildFile; fileRef = 59A0D6652908539F004C6AED /* KidInputSection.swift */; };
		59A0D66829085DAE004C6AED /* PersonalDataBlock.swift in Sources */ = {isa = PBXBuildFile; fileRef = 59A0D66729085DAE004C6AED /* PersonalDataBlock.swift */; };
		59A0D66A29085F55004C6AED /* KidHeaderBlock.swift in Sources */ = {isa = PBXBuildFile; fileRef = 59A0D66929085F54004C6AED /* KidHeaderBlock.swift */; };
/* End PBXBuildFile section */

/* Begin PBXFileReference section */
		59A0D6482907AC0F004C6AED /* familyForm.app */ = {isa = PBXFileReference; explicitFileType = wrapper.application; includeInIndex = 0; path = familyForm.app; sourceTree = BUILT_PRODUCTS_DIR; };
		59A0D64B2907AC0F004C6AED /* AppDelegate.swift */ = {isa = PBXFileReference; lastKnownFileType = sourcecode.swift; path = AppDelegate.swift; sourceTree = "<group>"; };
		59A0D64F2907AC0F004C6AED /* ViewController.swift */ = {isa = PBXFileReference; lastKnownFileType = sourcecode.swift; path = ViewController.swift; sourceTree = "<group>"; };
		59A0D6542907AC0F004C6AED /* Assets.xcassets */ = {isa = PBXFileReference; lastKnownFileType = folder.assetcatalog; path = Assets.xcassets; sourceTree = "<group>"; };
		59A0D6572907AC0F004C6AED /* Base */ = {isa = PBXFileReference; lastKnownFileType = file.storyboard; name = Base; path = Base.lproj/LaunchScreen.storyboard; sourceTree = "<group>"; };
		59A0D6592907AC0F004C6AED /* Info.plist */ = {isa = PBXFileReference; lastKnownFileType = text.plist.xml; path = Info.plist; sourceTree = "<group>"; };
		59A0D65F2907AD02004C6AED /* InputContainer.swift */ = {isa = PBXFileReference; lastKnownFileType = sourcecode.swift; path = InputContainer.swift; sourceTree = "<group>"; };
		59A0D6612907BF2D004C6AED /* FullInputContainer.swift */ = {isa = PBXFileReference; lastKnownFileType = sourcecode.swift; path = FullInputContainer.swift; sourceTree = "<group>"; };
		59A0D6652908539F004C6AED /* KidInputSection.swift */ = {isa = PBXFileReference; lastKnownFileType = sourcecode.swift; path = KidInputSection.swift; sourceTree = "<group>"; };
		59A0D66729085DAE004C6AED /* PersonalDataBlock.swift */ = {isa = PBXFileReference; lastKnownFileType = sourcecode.swift; path = PersonalDataBlock.swift; sourceTree = "<group>"; };
		59A0D66929085F54004C6AED /* KidHeaderBlock.swift */ = {isa = PBXFileReference; lastKnownFileType = sourcecode.swift; path = KidHeaderBlock.swift; sourceTree = "<group>"; };
/* End PBXFileReference section */

/* Begin PBXFrameworksBuildPhase section */
		59A0D6452907AC0F004C6AED /* Frameworks */ = {
			isa = PBXFrameworksBuildPhase;
			buildActionMask = 2147483647;
			files = (
			);
			runOnlyForDeploymentPostprocessing = 0;
		};
/* End PBXFrameworksBuildPhase section */

/* Begin PBXGroup section */
		59A0D63F2907AC0F004C6AED = {
			isa = PBXGroup;
			children = (
				59A0D64A2907AC0F004C6AED /* familyForm */,
				59A0D6492907AC0F004C6AED /* Products */,
			);
			sourceTree = "<group>";
		};
		59A0D6492907AC0F004C6AED /* Products */ = {
			isa = PBXGroup;
			children = (
				59A0D6482907AC0F004C6AED /* familyForm.app */,
			);
			name = Products;
			sourceTree = "<group>";
		};
		59A0D64A2907AC0F004C6AED /* familyForm */ = {
			isa = PBXGroup;
			children = (
				59A0D64B2907AC0F004C6AED /* AppDelegate.swift */,
				59A0D66C29093DBE004C6AED /* Views */,
				59A0D66B29093D9D004C6AED /* Controller */,
				59A0D6542907AC0F004C6AED /* Assets.xcassets */,
				59A0D6562907AC0F004C6AED /* LaunchScreen.storyboard */,
				59A0D6592907AC0F004C6AED /* Info.plist */,
			);
			path = familyForm;
			sourceTree = "<group>";
		};
		59A0D66B29093D9D004C6AED /* Controller */ = {
			isa = PBXGroup;
			children = (
				59A0D64F2907AC0F004C6AED /* ViewController.swift */,
			);
			path = Controller;
			sourceTree = "<group>";
		};
		59A0D66C29093DBE004C6AED /* Views */ = {
			isa = PBXGroup;
			children = (
				59A0D65F2907AD02004C6AED /* InputContainer.swift */,
				59A0D6612907BF2D004C6AED /* FullInputContainer.swift */,
				59A0D66729085DAE004C6AED /* PersonalDataBlock.swift */,
				59A0D66929085F54004C6AED /* KidHeaderBlock.swift */,
				59A0D6652908539F004C6AED /* KidInputSection.swift */,
			);
			path = Views;
			sourceTree = "<group>";
		};
/* End PBXGroup section */

/* Begin PBXNativeTarget section */
		59A0D6472907AC0F004C6AED /* familyForm */ = {
			isa = PBXNativeTarget;
			buildConfigurationList = 59A0D65C2907AC0F004C6AED /* Build configuration list for PBXNativeTarget "familyForm" */;
			buildPhases = (
				59A0D6442907AC0F004C6AED /* Sources */,
				59A0D6452907AC0F004C6AED /* Frameworks */,
				59A0D6462907AC0F004C6AED /* Resources */,
			);
			buildRules = (
			);
			dependencies = (
			);
			name = familyForm;
			productName = familyForm;
			productReference = 59A0D6482907AC0F004C6AED /* familyForm.app */;
			productType = "com.apple.product-type.application";
		};
/* End PBXNativeTarget section */

/* Begin PBXProject section */
		59A0D6402907AC0F004C6AED /* Project object */ = {
			isa = PBXProject;
			attributes = {
				BuildIndependentTargetsInParallel = 1;
				LastSwiftUpdateCheck = 1400;
				LastUpgradeCheck = 1400;
				TargetAttributes = {
					59A0D6472907AC0F004C6AED = {
						CreatedOnToolsVersion = 14.0.1;
					};
				};
			};
			buildConfigurationList = 59A0D6432907AC0F004C6AED /* Build configuration list for PBXProject "familyForm" */;
			compatibilityVersion = "Xcode 14.0";
			developmentRegion = en;
			hasScannedForEncodings = 0;
			knownRegions = (
				en,
				Base,
			);
			mainGroup = 59A0D63F2907AC0F004C6AED;
			productRefGroup = 59A0D6492907AC0F004C6AED /* Products */;
			projectDirPath = "";
			projectRoot = "";
			targets = (
				59A0D6472907AC0F004C6AED /* familyForm */,
			);
		};
/* End PBXProject section */

/* Begin PBXResourcesBuildPhase section */
		59A0D6462907AC0F004C6AED /* Resources */ = {
			isa = PBXResourcesBuildPhase;
			buildActionMask = 2147483647;
			files = (
				59A0D6582907AC0F004C6AED /* LaunchScreen.storyboard in Resources */,
				59A0D6552907AC0F004C6AED /* Assets.xcassets in Resources */,
			);
			runOnlyForDeploymentPostprocessing = 0;
		};
/* End PBXResourcesBuildPhase section */

/* Begin PBXSourcesBuildPhase section */
		59A0D6442907AC0F004C6AED /* Sources */ = {
			isa = PBXSourcesBuildPhase;
			buildActionMask = 2147483647;
			files = (
				59A0D6502907AC0F004C6AED /* ViewController.swift in Sources */,
				59A0D66829085DAE004C6AED /* PersonalDataBlock.swift in Sources */,
				59A0D64C2907AC0F004C6AED /* AppDelegate.swift in Sources */,
				59A0D66A29085F55004C6AED /* KidHeaderBlock.swift in Sources */,
				59A0D6662908539F004C6AED /* KidInputSection.swift in Sources */,
				59A0D6602907AD02004C6AED /* InputContainer.swift in Sources */,
				59A0D6622907BF2D004C6AED /* FullInputContainer.swift in Sources */,
			);
			runOnlyForDeploymentPostprocessing = 0;
		};
/* End PBXSourcesBuildPhase section */

/* Begin PBXVariantGroup section */
		59A0D6562907AC0F004C6AED /* LaunchScreen.storyboard */ = {
			isa = PBXVariantGroup;
			children = (
				59A0D6572907AC0F004C6AED /* Base */,
			);
			name = LaunchScreen.storyboard;
			sourceTree = "<group>";
		};
/* End PBXVariantGroup section */

/* Begin XCBuildConfiguration section */
		59A0D65A2907AC0F004C6AED /* Debug */ = {
			isa = XCBuildConfiguration;
			buildSettings = {
				ALWAYS_SEARCH_USER_PATHS = NO;
				CLANG_ANALYZER_NONNULL = YES;
				CLANG_ANALYZER_NUMBER_OBJECT_CONVERSION = YES_AGGRESSIVE;
				CLANG_CXX_LANGUAGE_STANDARD = "gnu++20";
				CLANG_ENABLE_MODULES = YES;
				CLANG_ENABLE_OBJC_ARC = YES;
				CLANG_ENABLE_OBJC_WEAK = YES;
				CLANG_WARN_BLOCK_CAPTURE_AUTORELEASING = YES;
				CLANG_WARN_BOOL_CONVERSION = YES;
				CLANG_WARN_COMMA = YES;
				CLANG_WARN_CONSTANT_CONVERSION = YES;
				CLANG_WARN_DEPRECATED_OBJC_IMPLEMENTATIONS = YES;
				CLANG_WARN_DIRECT_OBJC_ISA_USAGE = YES_ERROR;
				CLANG_WARN_DOCUMENTATION_COMMENTS = YES;
				CLANG_WARN_EMPTY_BODY = YES;
				CLANG_WARN_ENUM_CONVERSION = YES;
				CLANG_WARN_INFINITE_RECURSION = YES;
				CLANG_WARN_INT_CONVERSION = YES;
				CLANG_WARN_NON_LITERAL_NULL_CONVERSION = YES;
				CLANG_WARN_OBJC_IMPLICIT_RETAIN_SELF = YES;
				CLANG_WARN_OBJC_LITERAL_CONVERSION = YES;
				CLANG_WARN_OBJC_ROOT_CLASS = YES_ERROR;
				CLANG_WARN_QUOTED_INCLUDE_IN_FRAMEWORK_HEADER = YES;
				CLANG_WARN_RANGE_LOOP_ANALYSIS = YES;
				CLANG_WARN_STRICT_PROTOTYPES = YES;
				CLANG_WARN_SUSPICIOUS_MOVE = YES;
				CLANG_WARN_UNGUARDED_AVAILABILITY = YES_AGGRESSIVE;
				CLANG_WARN_UNREACHABLE_CODE = YES;
				CLANG_WARN__DUPLICATE_METHOD_MATCH = YES;
				COPY_PHASE_STRIP = NO;
				DEBUG_INFORMATION_FORMAT = dwarf;
				ENABLE_STRICT_OBJC_MSGSEND = YES;
				ENABLE_TESTABILITY = YES;
				GCC_C_LANGUAGE_STANDARD = gnu11;
				GCC_DYNAMIC_NO_PIC = NO;
				GCC_NO_COMMON_BLOCKS = YES;
				GCC_OPTIMIZATION_LEVEL = 0;
				GCC_PREPROCESSOR_DEFINITIONS = (
					"DEBUG=1",
					"$(inherited)",
				);
				GCC_WARN_64_TO_32_BIT_CONVERSION = YES;
				GCC_WARN_ABOUT_RETURN_TYPE = YES_ERROR;
				GCC_WARN_UNDECLARED_SELECTOR = YES;
				GCC_WARN_UNINITIALIZED_AUTOS = YES_AGGRESSIVE;
				GCC_WARN_UNUSED_FUNCTION = YES;
				GCC_WARN_UNUSED_VARIABLE = YES;
				IPHONEOS_DEPLOYMENT_TARGET = 16.0;
				MTL_ENABLE_DEBUG_INFO = INCLUDE_SOURCE;
				MTL_FAST_MATH = YES;
				ONLY_ACTIVE_ARCH = YES;
				SDKROOT = iphoneos;
				SWIFT_ACTIVE_COMPILATION_CONDITIONS = DEBUG;
				SWIFT_OPTIMIZATION_LEVEL = "-Onone";
			};
			name = Debug;
		};
		59A0D65B2907AC0F004C6AED /* Release */ = {
			isa = XCBuildConfiguration;
			buildSettings = {
				ALWAYS_SEARCH_USER_PATHS = NO;
				CLANG_ANALYZER_NONNULL = YES;
				CLANG_ANALYZER_NUMBER_OBJECT_CONVERSION = YES_AGGRESSIVE;
				CLANG_CXX_LANGUAGE_STANDARD = "gnu++20";
				CLANG_ENABLE_MODULES = YES;
				CLANG_ENABLE_OBJC_ARC = YES;
				CLANG_ENABLE_OBJC_WEAK = YES;
				CLANG_WARN_BLOCK_CAPTURE_AUTORELEASING = YES;
				CLANG_WARN_BOOL_CONVERSION = YES;
				CLANG_WARN_COMMA = YES;
				CLANG_WARN_CONSTANT_CONVERSION = YES;
				CLANG_WARN_DEPRECATED_OBJC_IMPLEMENTATIONS = YES;
				CLANG_WARN_DIRECT_OBJC_ISA_USAGE = YES_ERROR;
				CLANG_WARN_DOCUMENTATION_COMMENTS = YES;
				CLANG_WARN_EMPTY_BODY = YES;
				CLANG_WARN_ENUM_CONVERSION = YES;
				CLANG_WARN_INFINITE_RECURSION = YES;
				CLANG_WARN_INT_CONVERSION = YES;
				CLANG_WARN_NON_LITERAL_NULL_CONVERSION = YES;
				CLANG_WARN_OBJC_IMPLICIT_RETAIN_SELF = YES;
				CLANG_WARN_OBJC_LITERAL_CONVERSION = YES;
				CLANG_WARN_OBJC_ROOT_CLASS = YES_ERROR;
				CLANG_WARN_QUOTED_INCLUDE_IN_FRAMEWORK_HEADER = YES;
				CLANG_WARN_RANGE_LOOP_ANALYSIS = YES;
				CLANG_WARN_STRICT_PROTOTYPES = YES;
				CLANG_WARN_SUSPICIOUS_MOVE = YES;
				CLANG_WARN_UNGUARDED_AVAILABILITY = YES_AGGRESSIVE;
				CLANG_WARN_UNREACHABLE_CODE = YES;
				CLANG_WARN__DUPLICATE_METHOD_MATCH = YES;
				COPY_PHASE_STRIP = NO;
				DEBUG_INFORMATION_FORMAT = "dwarf-with-dsym";
				ENABLE_NS_ASSERTIONS = NO;
				ENABLE_STRICT_OBJC_MSGSEND = YES;
				GCC_C_LANGUAGE_STANDARD = gnu11;
				GCC_NO_COMMON_BLOCKS = YES;
				GCC_WARN_64_TO_32_BIT_CONVERSION = YES;
				GCC_WARN_ABOUT_RETURN_TYPE = YES_ERROR;
				GCC_WARN_UNDECLARED_SELECTOR = YES;
				GCC_WARN_UNINITIALIZED_AUTOS = YES_AGGRESSIVE;
				GCC_WARN_UNUSED_FUNCTION = YES;
				GCC_WARN_UNUSED_VARIABLE = YES;
				IPHONEOS_DEPLOYMENT_TARGET = 16.0;
				MTL_ENABLE_DEBUG_INFO = NO;
				MTL_FAST_MATH = YES;
				SDKROOT = iphoneos;
				SWIFT_COMPILATION_MODE = wholemodule;
				SWIFT_OPTIMIZATION_LEVEL = "-O";
				VALIDATE_PRODUCT = YES;
			};
			name = Release;
		};
		59A0D65D2907AC0F004C6AED /* Debug */ = {
			isa = XCBuildConfiguration;
			buildSettings = {
				ASSETCATALOG_COMPILER_APPICON_NAME = AppIcon;
				ASSETCATALOG_COMPILER_GLOBAL_ACCENT_COLOR_NAME = AccentColor;
				CODE_SIGN_STYLE = Automatic;
				CURRENT_PROJECT_VERSION = 1;
				DEVELOPMENT_TEAM = R47L243CNF;
				GENERATE_INFOPLIST_FILE = YES;
				INFOPLIST_FILE = familyForm/Info.plist;
				INFOPLIST_KEY_UIApplicationSupportsIndirectInputEvents = YES;
				INFOPLIST_KEY_UILaunchStoryboardName = LaunchScreen;
				INFOPLIST_KEY_UISupportedInterfaceOrientations_iPad = "UIInterfaceOrientationPortrait UIInterfaceOrientationPortraitUpsideDown UIInterfaceOrientationLandscapeLeft UIInterfaceOrientationLandscapeRight";
				INFOPLIST_KEY_UISupportedInterfaceOrientations_iPhone = "UIInterfaceOrientationPortrait UIInterfaceOrientationLandscapeLeft UIInterfaceOrientationLandscapeRight";
				LD_RUNPATH_SEARCH_PATHS = (
					"$(inherited)",
					"@executable_path/Frameworks",
				);
				MARKETING_VERSION = 1.0;
				PRODUCT_BUNDLE_IDENTIFIER = me.evzhenii.familyForm;
				PRODUCT_NAME = "$(TARGET_NAME)";
				SWIFT_EMIT_LOC_STRINGS = YES;
				SWIFT_VERSION = 5.0;
				TARGETED_DEVICE_FAMILY = "1,2";
			};
			name = Debug;
		};
		59A0D65E2907AC0F004C6AED /* Release */ = {
			isa = XCBuildConfiguration;
			buildSettings = {
				ASSETCATALOG_COMPILER_APPICON_NAME = AppIcon;
				ASSETCATALOG_COMPILER_GLOBAL_ACCENT_COLOR_NAME = AccentColor;
				CODE_SIGN_STYLE = Automatic;
				CURRENT_PROJECT_VERSION = 1;
				DEVELOPMENT_TEAM = R47L243CNF;
				GENERATE_INFOPLIST_FILE = YES;
				INFOPLIST_FILE = familyForm/Info.plist;
				INFOPLIST_KEY_UIApplicationSupportsIndirectInputEvents = YES;
				INFOPLIST_KEY_UILaunchStoryboardName = LaunchScreen;
				INFOPLIST_KEY_UISupportedInterfaceOrientations_iPad = "UIInterfaceOrientationPortrait UIInterfaceOrientationPortraitUpsideDown UIInterfaceOrientationLandscapeLeft UIInterfaceOrientationLandscapeRight";
				INFOPLIST_KEY_UISupportedInterfaceOrientations_iPhone = "UIInterfaceOrientationPortrait UIInterfaceOrientationLandscapeLeft UIInterfaceOrientationLandscapeRight";
				LD_RUNPATH_SEARCH_PATHS = (
					"$(inherited)",
					"@executable_path/Frameworks",
				);
				MARKETING_VERSION = 1.0;
				PRODUCT_BUNDLE_IDENTIFIER = me.evzhenii.familyForm;
				PRODUCT_NAME = "$(TARGET_NAME)";
				SWIFT_EMIT_LOC_STRINGS = YES;
				SWIFT_VERSION = 5.0;
				TARGETED_DEVICE_FAMILY = "1,2";
			};
			name = Release;
		};
/* End XCBuildConfiguration section */

/* Begin XCConfigurationList section */
		59A0D6432907AC0F004C6AED /* Build configuration list for PBXProject "familyForm" */ = {
			isa = XCConfigurationList;
			buildConfigurations = (
				59A0D65A2907AC0F004C6AED /* Debug */,
				59A0D65B2907AC0F004C6AED /* Release */,
			);
			defaultConfigurationIsVisible = 0;
			defaultConfigurationName = Release;
		};
		59A0D65C2907AC0F004C6AED /* Build configuration list for PBXNativeTarget "familyForm" */ = {
			isa = XCConfigurationList;
			buildConfigurations = (
				59A0D65D2907AC0F004C6AED /* Debug */,
				59A0D65E2907AC0F004C6AED /* Release */,
			);
			defaultConfigurationIsVisible = 0;
			defaultConfigurationName = Release;
		};
/* End XCConfigurationList section */
	};
	rootObject = 59A0D6402907AC0F004C6AED /* Project object */;
}
